lockfileVersion: '9.0'

settings:
  autoInstallPeers: true
  excludeLinksFromLockfile: false

importers:

  .:
    dependencies:
      axios:
        specifier: 0.21.1
        version: 0.21.1
      lodash:
        specifier: 4.18.0
        version: 4.18.0

packages:

  axios@0.21.1:
    resolution: {integrity: sha512-dKQiRHxGD9PPRIUNIWvZhPTPpl1rf/OxTYKsqKUDjBwYylTvV7SjSHJb9ratfyzM6wCdLCOYLzs73qpg5c4iGA==, tarball: https://jfrogrepo24.jfrog.io/artifactory/api/npm/npm-virtual/axios/-/axios-0.21.1.tgz}

  follow-redirects@1.16.0:
    resolution: {integrity: sha512-y5rN/uOsadFT/JfYwhxRS5R7Qce+g3zG97+JrtFZlC9klX/W5hD7iiLzScI4nZqUS7DNUdhPgw4xI8W2LuXlUw==, tarball: https://jfrogrepo24.jfrog.io/artifactory/api/npm/npm-virtual/follow-redirects/-/follow-redirects-1.16.0.tgz}
    engines: {node: '>=4.0'}
    peerDependencies:
      debug: '*'
    peerDependenciesMeta:
      debug:
        optional: true

  lodash@4.18.0:
    resolution: {integrity: sha512-l1mfj2atMqndAHI3ls7XqPxEjV2J9ZkcNyHpoZA3r2T1LLwDB69jgkMWh71YKwhBbK0G2f4WSn05ahmQXVxupA==, tarball: https://jfrogrepo24.jfrog.io/artifactory/api/npm/npm-virtual/lodash/-/lodash-4.18.0.tgz}
    deprecated: Bad release. Please use lodash@4.17.21 instead.

snapshots:

  axios@0.21.1:
    dependencies:
      follow-redirects: 1.16.0
    transitivePeerDependencies:
      - debug

  follow-redirects@1.16.0: {}

  lodash@4.18.0: {}
